// !$*UTF8*$!
{
	archiveVersion = 1;
	classes = {
	};
	objectVersion = 46;
	objects = {

/* Begin PBXBuildFile section */
		2516A7D6199B5CC000768986 /* head.jpg in Resources */ = {isa = PBXBuildFile; fileRef = 2516A7D5199B5CC000768986 /* head.jpg */; };
		251CEBBB19A31FBC00C80BAF /* OrganizationTableViewController.m in Sources */ = {isa = PBXBuildFile; fileRef = 251CEBBA19A31FBC00C80BAF /* OrganizationTableViewController.m */; };
		251CEBBE19A33D5B00C80BAF /* OrganizationDetailTableViewController.m in Sources */ = {isa = PBXBuildFile; fileRef = 251CEBBD19A33D5B00C80BAF /* OrganizationDetailTableViewController.m */; };
		2537509719989B9A006974C9 /* ActivityDetailTableViewController.m in Sources */ = {isa = PBXBuildFile; fileRef = 2537509619989B9A006974C9 /* ActivityDetailTableViewController.m */; };
		253823FF199A097E00180DB9 /* Images.xcassets in Resources */ = {isa = PBXBuildFile; fileRef = 253823FE199A097E00180DB9 /* Images.xcassets */; };
		25382404199A1EE300180DB9 /* group1.png in Resources */ = {isa = PBXBuildFile; fileRef = 25382403199A1EE300180DB9 /* group1.png */; };
		25382410199A2AF900180DB9 /* ActivityMemberTableViewController.m in Sources */ = {isa = PBXBuildFile; fileRef = 2538240F199A2AF900180DB9 /* ActivityMemberTableViewController.m */; };
		25382412199A2CBA00180DB9 /* doge.jpg in Resources */ = {isa = PBXBuildFile; fileRef = 25382411199A2CBA00180DB9 /* doge.jpg */; };
		25392FE4198FA35B0094CE6B /* appicon152.png in Resources */ = {isa = PBXBuildFile; fileRef = 25392FE3198FA35B0094CE6B /* appicon152.png */; };
		253AB34E19A206DF008A93A3 /* doge2.jpg in Resources */ = {isa = PBXBuildFile; fileRef = 253AB34B19A206DF008A93A3 /* doge2.jpg */; };
		253AB34F19A206DF008A93A3 /* doge3.jpg in Resources */ = {isa = PBXBuildFile; fileRef = 253AB34C19A206DF008A93A3 /* doge3.jpg */; };
		253AB35019A206DF008A93A3 /* doge4.jpg in Resources */ = {isa = PBXBuildFile; fileRef = 253AB34D19A206DF008A93A3 /* doge4.jpg */; };
		2545E01E199CB67000F99CC7 /* ActivityComment.m in Sources */ = {isa = PBXBuildFile; fileRef = 2545E01D199CB67000F99CC7 /* ActivityComment.m */; };
		2545E021199CC45000F99CC7 /* ActivityCommentTableViewController.m in Sources */ = {isa = PBXBuildFile; fileRef = 2545E020199CC45000F99CC7 /* ActivityCommentTableViewController.m */; };
		256E04291987A106009845A5 /* Foundation.framework in Frameworks */ = {isa = PBXBuildFile; fileRef = 256E04281987A106009845A5 /* Foundation.framework */; };
		256E042B1987A106009845A5 /* CoreGraphics.framework in Frameworks */ = {isa = PBXBuildFile; fileRef = 256E042A1987A106009845A5 /* CoreGraphics.framework */; };
		256E042D1987A106009845A5 /* UIKit.framework in Frameworks */ = {isa = PBXBuildFile; fileRef = 256E042C1987A106009845A5 /* UIKit.framework */; };
		256E04331987A106009845A5 /* InfoPlist.strings in Resources */ = {isa = PBXBuildFile; fileRef = 256E04311987A106009845A5 /* InfoPlist.strings */; };
		256E04351987A106009845A5 /* main.m in Sources */ = {isa = PBXBuildFile; fileRef = 256E04341987A106009845A5 /* main.m */; };
		256E04391987A106009845A5 /* AppDelegate.m in Sources */ = {isa = PBXBuildFile; fileRef = 256E04381987A106009845A5 /* AppDelegate.m */; };
		256E043C1987A106009845A5 /* Main_iPhone.storyboard in Resources */ = {isa = PBXBuildFile; fileRef = 256E043A1987A106009845A5 /* Main_iPhone.storyboard */; };
		256E043F1987A106009845A5 /* Main_iPad.storyboard in Resources */ = {isa = PBXBuildFile; fileRef = 256E043D1987A106009845A5 /* Main_iPad.storyboard */; };
		256E044E1987A106009845A5 /* XCTest.framework in Frameworks */ = {isa = PBXBuildFile; fileRef = 256E044D1987A106009845A5 /* XCTest.framework */; };
		256E044F1987A106009845A5 /* Foundation.framework in Frameworks */ = {isa = PBXBuildFile; fileRef = 256E04281987A106009845A5 /* Foundation.framework */; };
		256E04501987A106009845A5 /* UIKit.framework in Frameworks */ = {isa = PBXBuildFile; fileRef = 256E042C1987A106009845A5 /* UIKit.framework */; };
		256E04581987A106009845A5 /* InfoPlist.strings in Resources */ = {isa = PBXBuildFile; fileRef = 256E04561987A106009845A5 /* InfoPlist.strings */; };
		256E045A1987A106009845A5 /* lemangTests.m in Sources */ = {isa = PBXBuildFile; fileRef = 256E04591987A106009845A5 /* lemangTests.m */; };
		256E04651987AA6B009845A5 /* HomeViewController.m in Sources */ = {isa = PBXBuildFile; fileRef = 256E04641987AA6B009845A5 /* HomeViewController.m */; };
		256E046F1987AACA009845A5 /* ActivityViewController.m in Sources */ = {isa = PBXBuildFile; fileRef = 256E046E1987AACA009845A5 /* ActivityViewController.m */; };
		256E04791987B2BA009845A5 /* ActivityDetailViewController.m in Sources */ = {isa = PBXBuildFile; fileRef = 256E04781987B2BA009845A5 /* ActivityDetailViewController.m */; };
		257CD60A19A36EF1001FF078 /* ActivityCommetImageDetailViewController.m in Sources */ = {isa = PBXBuildFile; fileRef = 257CD60919A36EF1001FF078 /* ActivityCommetImageDetailViewController.m */; };
		258087A719A71C37005E308D /* UserTableViewController.m in Sources */ = {isa = PBXBuildFile; fileRef = 258087A619A71C37005E308D /* UserTableViewController.m */; };
		258087AA19A71C4C005E308D /* UserInfoTableViewController.m in Sources */ = {isa = PBXBuildFile; fileRef = 258087A919A71C4C005E308D /* UserInfoTableViewController.m */; };
		258087AD19A71C63005E308D /* MyAcitivityTableViewController.m in Sources */ = {isa = PBXBuildFile; fileRef = 258087AC19A71C63005E308D /* MyAcitivityTableViewController.m */; };
		258087B719A71D0E005E308D /* MyFriendsTableViewController.m in Sources */ = {isa = PBXBuildFile; fileRef = 258087B519A71D0E005E308D /* MyFriendsTableViewController.m */; };
		258087B819A71D0E005E308D /* MyOrganizationTableViewController.m in Sources */ = {isa = PBXBuildFile; fileRef = 258087B619A71D0E005E308D /* MyOrganizationTableViewController.m */; };
		258087BB19A71D59005E308D /* MyMessageTableViewController.m in Sources */ = {isa = PBXBuildFile; fileRef = 258087BA19A71D59005E308D /* MyMessageTableViewController.m */; };
		258087BE19A71D7C005E308D /* UserLoginViewController.m in Sources */ = {isa = PBXBuildFile; fileRef = 258087BD19A71D7C005E308D /* UserLoginViewController.m */; };
		258087C119A71DB9005E308D /* UserRegisterViewController.m in Sources */ = {isa = PBXBuildFile; fileRef = 258087C019A71DB9005E308D /* UserRegisterViewController.m */; };
		258087C419A71DCB005E308D /* UserVerifyViewController.m in Sources */ = {isa = PBXBuildFile; fileRef = 258087C319A71DCB005E308D /* UserVerifyViewController.m */; };
		258087C919A71EED005E308D /* UIImageButton.m in Sources */ = {isa = PBXBuildFile; fileRef = 258087C619A71EED005E308D /* UIImageButton.m */; };
		258087CA19A71EED005E308D /* UITableGridViewCell.m in Sources */ = {isa = PBXBuildFile; fileRef = 258087C819A71EED005E308D /* UITableGridViewCell.m */; };
		25874DAB19A5FFE000264B4D /* CreateOrganizationTableViewController.m in Sources */ = {isa = PBXBuildFile; fileRef = 25874DAA19A5FFE000264B4D /* CreateOrganizationTableViewController.m */; };
		25BAA3D219ACAFC500E87856 /* CreateActivityTableViewController.m in Sources */ = {isa = PBXBuildFile; fileRef = 25BAA3D119ACAFC500E87856 /* CreateActivityTableViewController.m */; };
		25C3A0F719ADC4EC00BB48B3 /* MJRefresh.bundle in Resources */ = {isa = PBXBuildFile; fileRef = 25C3A0E719ADC4EC00BB48B3 /* MJRefresh.bundle */; };
		25C3A0F819ADC4EC00BB48B3 /* MJRefreshBaseView.m in Sources */ = {isa = PBXBuildFile; fileRef = 25C3A0EA19ADC4EC00BB48B3 /* MJRefreshBaseView.m */; };
		25C3A0F919ADC4EC00BB48B3 /* MJRefreshConst.m in Sources */ = {isa = PBXBuildFile; fileRef = 25C3A0EC19ADC4EC00BB48B3 /* MJRefreshConst.m */; };
		25C3A0FA19ADC4EC00BB48B3 /* MJRefreshFooterView.m in Sources */ = {isa = PBXBuildFile; fileRef = 25C3A0EE19ADC4EC00BB48B3 /* MJRefreshFooterView.m */; };
		25C3A0FB19ADC4EC00BB48B3 /* MJRefreshHeaderView.m in Sources */ = {isa = PBXBuildFile; fileRef = 25C3A0F019ADC4EC00BB48B3 /* MJRefreshHeaderView.m */; };
		25C3A0FC19ADC4EC00BB48B3 /* UIScrollView+Extension.m in Sources */ = {isa = PBXBuildFile; fileRef = 25C3A0F219ADC4EC00BB48B3 /* UIScrollView+Extension.m */; };
		25C3A0FD19ADC4EC00BB48B3 /* UIScrollView+MJRefresh.m in Sources */ = {isa = PBXBuildFile; fileRef = 25C3A0F419ADC4EC00BB48B3 /* UIScrollView+MJRefresh.m */; };
		25C3A0FE19ADC4EC00BB48B3 /* UIView+Extension.m in Sources */ = {isa = PBXBuildFile; fileRef = 25C3A0F619ADC4EC00BB48B3 /* UIView+Extension.m */; };
		25C7F337198B7A3500AB8B2F /* Activity.m in Sources */ = {isa = PBXBuildFile; fileRef = 25C7F336198B7A3500AB8B2F /* Activity.m */; };
		25CA2DF319949CF700BED707 /* 活动成员.png in Resources */ = {isa = PBXBuildFile; fileRef = 25CA2DE819949CF700BED707 /* 活动成员.png */; };
		25CA2DF419949CF700BED707 /* 活动详细.png in Resources */ = {isa = PBXBuildFile; fileRef = 25CA2DE919949CF700BED707 /* 活动详细.png */; };
		25CA2DF519949CF700BED707 /* 活动详细分享.png in Resources */ = {isa = PBXBuildFile; fileRef = 25CA2DEA19949CF700BED707 /* 活动详细分享.png */; };
		25CA2DF619949CF700BED707 /* 活动页面.png in Resources */ = {isa = PBXBuildFile; fileRef = 25CA2DEB19949CF700BED707 /* 活动页面.png */; };
		25CA2DF719949CF700BED707 /* 评论输入文字页面.png in Resources */ = {isa = PBXBuildFile; fileRef = 25CA2DEC19949CF700BED707 /* 评论输入文字页面.png */; };
		25CA2DF819949CF700BED707 /* 评论输入页面.png in Resources */ = {isa = PBXBuildFile; fileRef = 25CA2DED19949CF700BED707 /* 评论输入页面.png */; };
		25CA2DF919949CF700BED707 /* 评论页面.png in Resources */ = {isa = PBXBuildFile; fileRef = 25CA2DEE19949CF700BED707 /* 评论页面.png */; };
		25CA2DFA19949CF700BED707 /* 商家组织.png in Resources */ = {isa = PBXBuildFile; fileRef = 25CA2DEF19949CF700BED707 /* 商家组织.png */; };
		25CA2DFB19949CF700BED707 /* 社团成员.png in Resources */ = {isa = PBXBuildFile; fileRef = 25CA2DF019949CF700BED707 /* 社团成员.png */; };
		25CA2DFC19949CF700BED707 /* 社团组织.png in Resources */ = {isa = PBXBuildFile; fileRef = 25CA2DF119949CF700BED707 /* 社团组织.png */; };
		25CA2DFD19949CF700BED707 /* 组织页面.png in Resources */ = {isa = PBXBuildFile; fileRef = 25CA2DF219949CF700BED707 /* 组织页面.png */; };
		25CA2E001994BCCF00BED707 /* 11.jpg in Resources */ = {isa = PBXBuildFile; fileRef = 25CA2DFF1994BCCF00BED707 /* 11.jpg */; };
		EE44A53919AF1D1B004B0E5B /* IconImageViewLoader.m in Sources */ = {isa = PBXBuildFile; fileRef = EE44A53819AF1D1B004B0E5B /* IconImageViewLoader.m */; };
		EE54DB1919B563EF0000845F /* UserManager.mm in Sources */ = {isa = PBXBuildFile; fileRef = EE54DB1819B563EF0000845F /* UserManager.mm */; };
		EE54DB1C19B56A270000845F /* StringEncoder.m in Sources */ = {isa = PBXBuildFile; fileRef = EE54DB1B19B56A270000845F /* StringEncoder.m */; };
		EE9BCB3E19AB45E700710F90 /* ActivityViewCell.m in Sources */ = {isa = PBXBuildFile; fileRef = EE9BCB3D19AB45E700710F90 /* ActivityViewCell.m */; };
		EEC7756819B0702B0035B400 /* OrganizationViewCell.m in Sources */ = {isa = PBXBuildFile; fileRef = EEC7756719B0702B0035B400 /* OrganizationViewCell.m */; };
/* End PBXBuildFile section */

/* Begin PBXContainerItemProxy section */
		256E04511987A106009845A5 /* PBXContainerItemProxy */ = {
			isa = PBXContainerItemProxy;
			containerPortal = 256E041D1987A106009845A5 /* Project object */;
			proxyType = 1;
			remoteGlobalIDString = 256E04241987A106009845A5;
			remoteInfo = lemang;
		};
/* End PBXContainerItemProxy section */

/* Begin PBXFileReference section */
		2516A7D5199B5CC000768986 /* head.jpg */ = {isa = PBXFileReference; lastKnownFileType = image.jpeg; path = head.jpg; sourceTree = "<group>"; };
		251CEBB919A31FBC00C80BAF /* OrganizationTableViewController.h */ = {isa = PBXFileReference; fileEncoding = 4; lastKnownFileType = sourcecode.c.h; name = OrganizationTableViewController.h; path = Class/OrganizationTableViewController.h; sourceTree = "<group>"; };
		251CEBBA19A31FBC00C80BAF /* OrganizationTableViewController.m */ = {isa = PBXFileReference; fileEncoding = 4; lastKnownFileType = sourcecode.c.objc; name = OrganizationTableViewController.m; path = Class/OrganizationTableViewController.m; sourceTree = "<group>"; };
		251CEBBC19A33D5B00C80BAF /* OrganizationDetailTableViewController.h */ = {isa = PBXFileReference; fileEncoding = 4; lastKnownFileType = sourcecode.c.h; name = OrganizationDetailTableViewController.h; path = Class/OrganizationDetailTableViewController.h; sourceTree = "<group>"; };
		251CEBBD19A33D5B00C80BAF /* OrganizationDetailTableViewController.m */ = {isa = PBXFileReference; fileEncoding = 4; lastKnownFileType = sourcecode.c.objc; name = OrganizationDetailTableViewController.m; path = Class/OrganizationDetailTableViewController.m; sourceTree = "<group>"; };
		2532699C199DBE510054F989 /* Constants.h */ = {isa = PBXFileReference; fileEncoding = 4; lastKnownFileType = sourcecode.c.h; name = Constants.h; path = Class/Constants.h; sourceTree = "<group>"; };
		2537509519989B9A006974C9 /* ActivityDetailTableViewController.h */ = {isa = PBXFileReference; fileEncoding = 4; lastKnownFileType = sourcecode.c.h; name = ActivityDetailTableViewController.h; path = Class/ActivityDetailTableViewController.h; sourceTree = "<group>"; };
		2537509619989B9A006974C9 /* ActivityDetailTableViewController.m */ = {isa = PBXFileReference; fileEncoding = 4; lastKnownFileType = sourcecode.c.objc; name = ActivityDetailTableViewController.m; path = Class/ActivityDetailTableViewController.m; sourceTree = "<group>"; };
		253823FE199A097E00180DB9 /* Images.xcassets */ = {isa = PBXFileReference; lastKnownFileType = folder.assetcatalog; path = Images.xcassets; sourceTree = "<group>"; };
		25382403199A1EE300180DB9 /* group1.png */ = {isa = PBXFileReference; lastKnownFileType = image.png; path = group1.png; sourceTree = "<group>"; };
		2538240E199A2AF900180DB9 /* ActivityMemberTableViewController.h */ = {isa = PBXFileReference; fileEncoding = 4; lastKnownFileType = sourcecode.c.h; name = ActivityMemberTableViewController.h; path = Class/ActivityMemberTableViewController.h; sourceTree = "<group>"; };
		2538240F199A2AF900180DB9 /* ActivityMemberTableViewController.m */ = {isa = PBXFileReference; fileEncoding = 4; lastKnownFileType = sourcecode.c.objc; name = ActivityMemberTableViewController.m; path = Class/ActivityMemberTableViewController.m; sourceTree = "<group>"; };
		25382411199A2CBA00180DB9 /* doge.jpg */ = {isa = PBXFileReference; lastKnownFileType = image.jpeg; path = doge.jpg; sourceTree = "<group>"; };
		25392FE3198FA35B0094CE6B /* appicon152.png */ = {isa = PBXFileReference; lastKnownFileType = image.png; path = appicon152.png; sourceTree = "<group>"; };
		25392FE5198FAE160094CE6B /* zh-Hans */ = {isa = PBXFileReference; lastKnownFileType = text.plist.strings; name = "zh-Hans"; path = "zh-Hans.lproj/Main_iPhone.strings"; sourceTree = "<group>"; };
		25392FE6198FAE160094CE6B /* zh-Hans */ = {isa = PBXFileReference; lastKnownFileType = text.plist.strings; name = "zh-Hans"; path = "zh-Hans.lproj/Main_iPad.strings"; sourceTree = "<group>"; };
		25392FE7198FAE160094CE6B /* zh-Hans */ = {isa = PBXFileReference; lastKnownFileType = text.plist.strings; name = "zh-Hans"; path = "zh-Hans.lproj/InfoPlist.strings"; sourceTree = "<group>"; };
		25392FE8198FAE160094CE6B /* zh-Hans */ = {isa = PBXFileReference; lastKnownFileType = text.plist.strings; name = "zh-Hans"; path = "zh-Hans.lproj/InfoPlist.strings"; sourceTree = "<group>"; };
		253AB34B19A206DF008A93A3 /* doge2.jpg */ = {isa = PBXFileReference; lastKnownFileType = image.jpeg; path = doge2.jpg; sourceTree = "<group>"; };
		253AB34C19A206DF008A93A3 /* doge3.jpg */ = {isa = PBXFileReference; lastKnownFileType = image.jpeg; path = doge3.jpg; sourceTree = "<group>"; };
		253AB34D19A206DF008A93A3 /* doge4.jpg */ = {isa = PBXFileReference; lastKnownFileType = image.jpeg; path = doge4.jpg; sourceTree = "<group>"; };
		2545E01C199CB67000F99CC7 /* ActivityComment.h */ = {isa = PBXFileReference; fileEncoding = 4; lastKnownFileType = sourcecode.c.h; name = ActivityComment.h; path = Class/ActivityComment.h; sourceTree = "<group>"; };
		2545E01D199CB67000F99CC7 /* ActivityComment.m */ = {isa = PBXFileReference; fileEncoding = 4; lastKnownFileType = sourcecode.c.objc; name = ActivityComment.m; path = Class/ActivityComment.m; sourceTree = "<group>"; };
		2545E01F199CC45000F99CC7 /* ActivityCommentTableViewController.h */ = {isa = PBXFileReference; fileEncoding = 4; lastKnownFileType = sourcecode.c.h; name = ActivityCommentTableViewController.h; path = Class/ActivityCommentTableViewController.h; sourceTree = "<group>"; };
		2545E020199CC45000F99CC7 /* ActivityCommentTableViewController.m */ = {isa = PBXFileReference; fileEncoding = 4; lastKnownFileType = sourcecode.c.objc; name = ActivityCommentTableViewController.m; path = Class/ActivityCommentTableViewController.m; sourceTree = "<group>"; };
		256E04251987A106009845A5 /* lemang.app */ = {isa = PBXFileReference; explicitFileType = wrapper.application; includeInIndex = 0; path = lemang.app; sourceTree = BUILT_PRODUCTS_DIR; };
		256E04281987A106009845A5 /* Foundation.framework */ = {isa = PBXFileReference; lastKnownFileType = wrapper.framework; name = Foundation.framework; path = System/Library/Frameworks/Foundation.framework; sourceTree = SDKROOT; };
		256E042A1987A106009845A5 /* CoreGraphics.framework */ = {isa = PBXFileReference; lastKnownFileType = wrapper.framework; name = CoreGraphics.framework; path = System/Library/Frameworks/CoreGraphics.framework; sourceTree = SDKROOT; };
		256E042C1987A106009845A5 /* UIKit.framework */ = {isa = PBXFileReference; lastKnownFileType = wrapper.framework; name = UIKit.framework; path = System/Library/Frameworks/UIKit.framework; sourceTree = SDKROOT; };
		256E04301987A106009845A5 /* lemang-Info.plist */ = {isa = PBXFileReference; lastKnownFileType = text.plist.xml; path = "lemang-Info.plist"; sourceTree = "<group>"; };
		256E04321987A106009845A5 /* en */ = {isa = PBXFileReference; lastKnownFileType = text.plist.strings; name = en; path = en.lproj/InfoPlist.strings; sourceTree = "<group>"; };
		256E04341987A106009845A5 /* main.m */ = {isa = PBXFileReference; lastKnownFileType = sourcecode.c.objc; path = main.m; sourceTree = "<group>"; };
		256E04361987A106009845A5 /* lemang-Prefix.pch */ = {isa = PBXFileReference; lastKnownFileType = sourcecode.c.h; path = "lemang-Prefix.pch"; sourceTree = "<group>"; };
		256E04371987A106009845A5 /* AppDelegate.h */ = {isa = PBXFileReference; lastKnownFileType = sourcecode.c.h; path = AppDelegate.h; sourceTree = "<group>"; };
		256E04381987A106009845A5 /* AppDelegate.m */ = {isa = PBXFileReference; lastKnownFileType = sourcecode.c.objc; path = AppDelegate.m; sourceTree = "<group>"; };
		256E043B1987A106009845A5 /* Base */ = {isa = PBXFileReference; lastKnownFileType = file.storyboard; name = Base; path = Base.lproj/Main_iPhone.storyboard; sourceTree = "<group>"; };
		256E043E1987A106009845A5 /* Base */ = {isa = PBXFileReference; lastKnownFileType = file.storyboard; name = Base; path = Base.lproj/Main_iPad.storyboard; sourceTree = "<group>"; };
		256E044C1987A106009845A5 /* lemangTests.xctest */ = {isa = PBXFileReference; explicitFileType = wrapper.cfbundle; includeInIndex = 0; path = lemangTests.xctest; sourceTree = BUILT_PRODUCTS_DIR; };
		256E044D1987A106009845A5 /* XCTest.framework */ = {isa = PBXFileReference; lastKnownFileType = wrapper.framework; name = XCTest.framework; path = Library/Frameworks/XCTest.framework; sourceTree = DEVELOPER_DIR; };
		256E04551987A106009845A5 /* lemangTests-Info.plist */ = {isa = PBXFileReference; lastKnownFileType = text.plist.xml; path = "lemangTests-Info.plist"; sourceTree = "<group>"; };
		256E04571987A106009845A5 /* en */ = {isa = PBXFileReference; lastKnownFileType = text.plist.strings; name = en; path = en.lproj/InfoPlist.strings; sourceTree = "<group>"; };
		256E04591987A106009845A5 /* lemangTests.m */ = {isa = PBXFileReference; lastKnownFileType = sourcecode.c.objc; path = lemangTests.m; sourceTree = "<group>"; };
		256E04631987AA6B009845A5 /* HomeViewController.h */ = {isa = PBXFileReference; fileEncoding = 4; lastKnownFileType = sourcecode.c.h; name = HomeViewController.h; path = Class/HomeViewController.h; sourceTree = "<group>"; };
		256E04641987AA6B009845A5 /* HomeViewController.m */ = {isa = PBXFileReference; fileEncoding = 4; lastKnownFileType = sourcecode.c.objc; name = HomeViewController.m; path = Class/HomeViewController.m; sourceTree = "<group>"; };
		256E046D1987AACA009845A5 /* ActivityViewController.h */ = {isa = PBXFileReference; fileEncoding = 4; lastKnownFileType = sourcecode.c.h; name = ActivityViewController.h; path = Class/ActivityViewController.h; sourceTree = "<group>"; };
		256E046E1987AACA009845A5 /* ActivityViewController.m */ = {isa = PBXFileReference; fileEncoding = 4; lastKnownFileType = sourcecode.c.objc; name = ActivityViewController.m; path = Class/ActivityViewController.m; sourceTree = "<group>"; };
		256E04771987B2BA009845A5 /* ActivityDetailViewController.h */ = {isa = PBXFileReference; fileEncoding = 4; lastKnownFileType = sourcecode.c.h; name = ActivityDetailViewController.h; path = Class/ActivityDetailViewController.h; sourceTree = "<group>"; };
		256E04781987B2BA009845A5 /* ActivityDetailViewController.m */ = {isa = PBXFileReference; fileEncoding = 4; lastKnownFileType = sourcecode.c.objc; name = ActivityDetailViewController.m; path = Class/ActivityDetailViewController.m; sourceTree = "<group>"; };
		257CD60819A36EF1001FF078 /* ActivityCommetImageDetailViewController.h */ = {isa = PBXFileReference; fileEncoding = 4; lastKnownFileType = sourcecode.c.h; name = ActivityCommetImageDetailViewController.h; path = Class/ActivityCommetImageDetailViewController.h; sourceTree = "<group>"; };
		257CD60919A36EF1001FF078 /* ActivityCommetImageDetailViewController.m */ = {isa = PBXFileReference; fileEncoding = 4; lastKnownFileType = sourcecode.c.objc; name = ActivityCommetImageDetailViewController.m; path = Class/ActivityCommetImageDetailViewController.m; sourceTree = "<group>"; };
		258087A519A71C37005E308D /* UserTableViewController.h */ = {isa = PBXFileReference; fileEncoding = 4; lastKnownFileType = sourcecode.c.h; name = UserTableViewController.h; path = Class/UserTableViewController.h; sourceTree = "<group>"; };
		258087A619A71C37005E308D /* UserTableViewController.m */ = {isa = PBXFileReference; fileEncoding = 4; lastKnownFileType = sourcecode.c.objc; name = UserTableViewController.m; path = Class/UserTableViewController.m; sourceTree = "<group>"; };
		258087A819A71C4C005E308D /* UserInfoTableViewController.h */ = {isa = PBXFileReference; fileEncoding = 4; lastKnownFileType = sourcecode.c.h; name = UserInfoTableViewController.h; path = Class/UserInfoTableViewController.h; sourceTree = "<group>"; };
		258087A919A71C4C005E308D /* UserInfoTableViewController.m */ = {isa = PBXFileReference; fileEncoding = 4; lastKnownFileType = sourcecode.c.objc; name = UserInfoTableViewController.m; path = Class/UserInfoTableViewController.m; sourceTree = "<group>"; };
		258087AB19A71C63005E308D /* MyAcitivityTableViewController.h */ = {isa = PBXFileReference; fileEncoding = 4; lastKnownFileType = sourcecode.c.h; name = MyAcitivityTableViewController.h; path = Class/MyAcitivityTableViewController.h; sourceTree = "<group>"; };
		258087AC19A71C63005E308D /* MyAcitivityTableViewController.m */ = {isa = PBXFileReference; fileEncoding = 4; lastKnownFileType = sourcecode.c.objc; name = MyAcitivityTableViewController.m; path = Class/MyAcitivityTableViewController.m; sourceTree = "<group>"; };
		258087AE19A71C73005E308D /* MyOrganizationTableViewController.h */ = {isa = PBXFileReference; fileEncoding = 4; lastKnownFileType = sourcecode.c.h; name = MyOrganizationTableViewController.h; path = Class/MyOrganizationTableViewController.h; sourceTree = "<group>"; };
		258087B419A71D0E005E308D /* MyFriendsTableViewController.h */ = {isa = PBXFileReference; fileEncoding = 4; lastKnownFileType = sourcecode.c.h; name = MyFriendsTableViewController.h; path = Class/MyFriendsTableViewController.h; sourceTree = "<group>"; };
		258087B519A71D0E005E308D /* MyFriendsTableViewController.m */ = {isa = PBXFileReference; fileEncoding = 4; lastKnownFileType = sourcecode.c.objc; name = MyFriendsTableViewController.m; path = Class/MyFriendsTableViewController.m; sourceTree = "<group>"; };
		258087B619A71D0E005E308D /* MyOrganizationTableViewController.m */ = {isa = PBXFileReference; fileEncoding = 4; lastKnownFileType = sourcecode.c.objc; name = MyOrganizationTableViewController.m; path = Class/MyOrganizationTableViewController.m; sourceTree = "<group>"; };
		258087B919A71D59005E308D /* MyMessageTableViewController.h */ = {isa = PBXFileReference; fileEncoding = 4; lastKnownFileType = sourcecode.c.h; name = MyMessageTableViewController.h; path = Class/MyMessageTableViewController.h; sourceTree = "<group>"; };
		258087BA19A71D59005E308D /* MyMessageTableViewController.m */ = {isa = PBXFileReference; fileEncoding = 4; lastKnownFileType = sourcecode.c.objc; name = MyMessageTableViewController.m; path = Class/MyMessageTableViewController.m; sourceTree = "<group>"; };
		258087BC19A71D7C005E308D /* UserLoginViewController.h */ = {isa = PBXFileReference; fileEncoding = 4; lastKnownFileType = sourcecode.c.h; name = UserLoginViewController.h; path = Class/UserLoginViewController.h; sourceTree = "<group>"; };
		258087BD19A71D7C005E308D /* UserLoginViewController.m */ = {isa = PBXFileReference; fileEncoding = 4; lastKnownFileType = sourcecode.c.objc; name = UserLoginViewController.m; path = Class/UserLoginViewController.m; sourceTree = "<group>"; };
		258087BF19A71DB9005E308D /* UserRegisterViewController.h */ = {isa = PBXFileReference; fileEncoding = 4; lastKnownFileType = sourcecode.c.h; name = UserRegisterViewController.h; path = Class/UserRegisterViewController.h; sourceTree = "<group>"; };
		258087C019A71DB9005E308D /* UserRegisterViewController.m */ = {isa = PBXFileReference; fileEncoding = 4; lastKnownFileType = sourcecode.c.objc; name = UserRegisterViewController.m; path = Class/UserRegisterViewController.m; sourceTree = "<group>"; };
		258087C219A71DCB005E308D /* UserVerifyViewController.h */ = {isa = PBXFileReference; fileEncoding = 4; lastKnownFileType = sourcecode.c.h; name = UserVerifyViewController.h; path = Class/UserVerifyViewController.h; sourceTree = "<group>"; };
		258087C319A71DCB005E308D /* UserVerifyViewController.m */ = {isa = PBXFileReference; fileEncoding = 4; lastKnownFileType = sourcecode.c.objc; name = UserVerifyViewController.m; path = Class/UserVerifyViewController.m; sourceTree = "<group>"; };
		258087C519A71EED005E308D /* UIImageButton.h */ = {isa = PBXFileReference; fileEncoding = 4; lastKnownFileType = sourcecode.c.h; name = UIImageButton.h; path = Class/UIImageButton.h; sourceTree = "<group>"; };
		258087C619A71EED005E308D /* UIImageButton.m */ = {isa = PBXFileReference; fileEncoding = 4; lastKnownFileType = sourcecode.c.objc; name = UIImageButton.m; path = Class/UIImageButton.m; sourceTree = "<group>"; };
		258087C719A71EED005E308D /* UITableGridViewCell.h */ = {isa = PBXFileReference; fileEncoding = 4; lastKnownFileType = sourcecode.c.h; name = UITableGridViewCell.h; path = Class/UITableGridViewCell.h; sourceTree = "<group>"; };
		258087C819A71EED005E308D /* UITableGridViewCell.m */ = {isa = PBXFileReference; fileEncoding = 4; lastKnownFileType = sourcecode.c.objc; name = UITableGridViewCell.m; path = Class/UITableGridViewCell.m; sourceTree = "<group>"; };
		25874DA919A5FFE000264B4D /* CreateOrganizationTableViewController.h */ = {isa = PBXFileReference; fileEncoding = 4; lastKnownFileType = sourcecode.c.h; name = CreateOrganizationTableViewController.h; path = Class/CreateOrganizationTableViewController.h; sourceTree = "<group>"; };
		25874DAA19A5FFE000264B4D /* CreateOrganizationTableViewController.m */ = {isa = PBXFileReference; fileEncoding = 4; lastKnownFileType = sourcecode.c.objc; name = CreateOrganizationTableViewController.m; path = Class/CreateOrganizationTableViewController.m; sourceTree = "<group>"; };
		25BAA3D019ACAFC500E87856 /* CreateActivityTableViewController.h */ = {isa = PBXFileReference; fileEncoding = 4; lastKnownFileType = sourcecode.c.h; name = CreateActivityTableViewController.h; path = Class/CreateActivityTableViewController.h; sourceTree = "<group>"; };
		25BAA3D119ACAFC500E87856 /* CreateActivityTableViewController.m */ = {isa = PBXFileReference; fileEncoding = 4; lastKnownFileType = sourcecode.c.objc; name = CreateActivityTableViewController.m; path = Class/CreateActivityTableViewController.m; sourceTree = "<group>"; };
		25C3A0E719ADC4EC00BB48B3 /* MJRefresh.bundle */ = {isa = PBXFileReference; lastKnownFileType = "wrapper.plug-in"; path = MJRefresh.bundle; sourceTree = "<group>"; };
		25C3A0E819ADC4EC00BB48B3 /* MJRefresh.h */ = {isa = PBXFileReference; fileEncoding = 4; lastKnownFileType = sourcecode.c.h; path = MJRefresh.h; sourceTree = "<group>"; };
		25C3A0E919ADC4EC00BB48B3 /* MJRefreshBaseView.h */ = {isa = PBXFileReference; fileEncoding = 4; lastKnownFileType = sourcecode.c.h; path = MJRefreshBaseView.h; sourceTree = "<group>"; };
		25C3A0EA19ADC4EC00BB48B3 /* MJRefreshBaseView.m */ = {isa = PBXFileReference; fileEncoding = 4; lastKnownFileType = sourcecode.c.objc; path = MJRefreshBaseView.m; sourceTree = "<group>"; };
		25C3A0EB19ADC4EC00BB48B3 /* MJRefreshConst.h */ = {isa = PBXFileReference; fileEncoding = 4; lastKnownFileType = sourcecode.c.h; path = MJRefreshConst.h; sourceTree = "<group>"; };
		25C3A0EC19ADC4EC00BB48B3 /* MJRefreshConst.m */ = {isa = PBXFileReference; fileEncoding = 4; lastKnownFileType = sourcecode.c.objc; path = MJRefreshConst.m; sourceTree = "<group>"; };
		25C3A0ED19ADC4EC00BB48B3 /* MJRefreshFooterView.h */ = {isa = PBXFileReference; fileEncoding = 4; lastKnownFileType = sourcecode.c.h; path = MJRefreshFooterView.h; sourceTree = "<group>"; };
		25C3A0EE19ADC4EC00BB48B3 /* MJRefreshFooterView.m */ = {isa = PBXFileReference; fileEncoding = 4; lastKnownFileType = sourcecode.c.objc; path = MJRefreshFooterView.m; sourceTree = "<group>"; };
		25C3A0EF19ADC4EC00BB48B3 /* MJRefreshHeaderView.h */ = {isa = PBXFileReference; fileEncoding = 4; lastKnownFileType = sourcecode.c.h; path = MJRefreshHeaderView.h; sourceTree = "<group>"; };
		25C3A0F019ADC4EC00BB48B3 /* MJRefreshHeaderView.m */ = {isa = PBXFileReference; fileEncoding = 4; lastKnownFileType = sourcecode.c.objc; path = MJRefreshHeaderView.m; sourceTree = "<group>"; };
		25C3A0F119ADC4EC00BB48B3 /* UIScrollView+Extension.h */ = {isa = PBXFileReference; fileEncoding = 4; lastKnownFileType = sourcecode.c.h; path = "UIScrollView+Extension.h"; sourceTree = "<group>"; };
		25C3A0F219ADC4EC00BB48B3 /* UIScrollView+Extension.m */ = {isa = PBXFileReference; fileEncoding = 4; lastKnownFileType = sourcecode.c.objc; path = "UIScrollView+Extension.m"; sourceTree = "<group>"; };
		25C3A0F319ADC4EC00BB48B3 /* UIScrollView+MJRefresh.h */ = {isa = PBXFileReference; fileEncoding = 4; lastKnownFileType = sourcecode.c.h; path = "UIScrollView+MJRefresh.h"; sourceTree = "<group>"; };
		25C3A0F419ADC4EC00BB48B3 /* UIScrollView+MJRefresh.m */ = {isa = PBXFileReference; fileEncoding = 4; lastKnownFileType = sourcecode.c.objc; path = "UIScrollView+MJRefresh.m"; sourceTree = "<group>"; };
		25C3A0F519ADC4EC00BB48B3 /* UIView+Extension.h */ = {isa = PBXFileReference; fileEncoding = 4; lastKnownFileType = sourcecode.c.h; path = "UIView+Extension.h"; sourceTree = "<group>"; };
		25C3A0F619ADC4EC00BB48B3 /* UIView+Extension.m */ = {isa = PBXFileReference; fileEncoding = 4; lastKnownFileType = sourcecode.c.objc; path = "UIView+Extension.m"; sourceTree = "<group>"; };
		25C7F335198B7A3500AB8B2F /* Activity.h */ = {isa = PBXFileReference; fileEncoding = 4; lastKnownFileType = sourcecode.c.h; name = Activity.h; path = Class/Activity.h; sourceTree = "<group>"; };
		25C7F336198B7A3500AB8B2F /* Activity.m */ = {isa = PBXFileReference; fileEncoding = 4; lastKnownFileType = sourcecode.c.objc; name = Activity.m; path = Class/Activity.m; sourceTree = "<group>"; };
		25CA2DE819949CF700BED707 /* 活动成员.png */ = {isa = PBXFileReference; lastKnownFileType = image.png; path = "活动成员.png"; sourceTree = "<group>"; };
		25CA2DE919949CF700BED707 /* 活动详细.png */ = {isa = PBXFileReference; lastKnownFileType = image.png; path = "活动详细.png"; sourceTree = "<group>"; };
		25CA2DEA19949CF700BED707 /* 活动详细分享.png */ = {isa = PBXFileReference; lastKnownFileType = image.png; path = "活动详细分享.png"; sourceTree = "<group>"; };
		25CA2DEB19949CF700BED707 /* 活动页面.png */ = {isa = PBXFileReference; lastKnownFileType = image.png; path = "活动页面.png"; sourceTree = "<group>"; };
		25CA2DEC19949CF700BED707 /* 评论输入文字页面.png */ = {isa = PBXFileReference; lastKnownFileType = image.png; path = "评论输入文字页面.png"; sourceTree = "<group>"; };
		25CA2DED19949CF700BED707 /* 评论输入页面.png */ = {isa = PBXFileReference; lastKnownFileType = image.png; path = "评论输入页面.png"; sourceTree = "<group>"; };
		25CA2DEE19949CF700BED707 /* 评论页面.png */ = {isa = PBXFileReference; lastKnownFileType = image.png; path = "评论页面.png"; sourceTree = "<group>"; };
		25CA2DEF19949CF700BED707 /* 商家组织.png */ = {isa = PBXFileReference; lastKnownFileType = image.png; path = "商家组织.png"; sourceTree = "<group>"; };
		25CA2DF019949CF700BED707 /* 社团成员.png */ = {isa = PBXFileReference; lastKnownFileType = image.png; path = "社团成员.png"; sourceTree = "<group>"; };
		25CA2DF119949CF700BED707 /* 社团组织.png */ = {isa = PBXFileReference; lastKnownFileType = image.png; path = "社团组织.png"; sourceTree = "<group>"; };
		25CA2DF219949CF700BED707 /* 组织页面.png */ = {isa = PBXFileReference; lastKnownFileType = image.png; path = "组织页面.png"; sourceTree = "<group>"; };
		25CA2DFF1994BCCF00BED707 /* 11.jpg */ = {isa = PBXFileReference; lastKnownFileType = image.jpeg; path = 11.jpg; sourceTree = "<group>"; };
		EE44A53719AF1D1B004B0E5B /* IconImageViewLoader.h */ = {isa = PBXFileReference; fileEncoding = 4; lastKnownFileType = sourcecode.c.h; name = IconImageViewLoader.h; path = Class/IconImageViewLoader.h; sourceTree = "<group>"; };
		EE44A53819AF1D1B004B0E5B /* IconImageViewLoader.m */ = {isa = PBXFileReference; fileEncoding = 4; lastKnownFileType = sourcecode.c.objc; name = IconImageViewLoader.m; path = Class/IconImageViewLoader.m; sourceTree = "<group>"; };
		EE54DB1719B563EF0000845F /* UserManager.h */ = {isa = PBXFileReference; fileEncoding = 4; lastKnownFileType = sourcecode.c.h; name = UserManager.h; path = Class/UserManager.h; sourceTree = "<group>"; };
		EE54DB1819B563EF0000845F /* UserManager.mm */ = {isa = PBXFileReference; fileEncoding = 4; lastKnownFileType = sourcecode.cpp.objcpp; name = UserManager.mm; path = Class/UserManager.mm; sourceTree = "<group>"; };
		EE54DB1A19B56A270000845F /* StringEncoder.h */ = {isa = PBXFileReference; fileEncoding = 4; lastKnownFileType = sourcecode.c.h; name = StringEncoder.h; path = Class/StringEncoder.h; sourceTree = "<group>"; };
		EE54DB1B19B56A270000845F /* StringEncoder.m */ = {isa = PBXFileReference; fileEncoding = 4; lastKnownFileType = sourcecode.c.objc; name = StringEncoder.m; path = Class/StringEncoder.m; sourceTree = "<group>"; };
		EE9BCB3C19AB45E700710F90 /* ActivityViewCell.h */ = {isa = PBXFileReference; fileEncoding = 4; lastKnownFileType = sourcecode.c.h; name = ActivityViewCell.h; path = Class/ActivityViewCell.h; sourceTree = "<group>"; };
		EE9BCB3D19AB45E700710F90 /* ActivityViewCell.m */ = {isa = PBXFileReference; fileEncoding = 4; lastKnownFileType = sourcecode.c.objc; name = ActivityViewCell.m; path = Class/ActivityViewCell.m; sourceTree = "<group>"; };
		EEC7756619B0702B0035B400 /* OrganizationViewCell.h */ = {isa = PBXFileReference; fileEncoding = 4; lastKnownFileType = sourcecode.c.h; name = OrganizationViewCell.h; path = Class/OrganizationViewCell.h; sourceTree = "<group>"; };
		EEC7756719B0702B0035B400 /* OrganizationViewCell.m */ = {isa = PBXFileReference; fileEncoding = 4; lastKnownFileType = sourcecode.c.objc; name = OrganizationViewCell.m; path = Class/OrganizationViewCell.m; sourceTree = "<group>"; };
/* End PBXFileReference section */

/* Begin PBXFrameworksBuildPhase section */
		256E04221987A106009845A5 /* Frameworks */ = {
			isa = PBXFrameworksBuildPhase;
			buildActionMask = 2147483647;
			files = (
				256E042B1987A106009845A5 /* CoreGraphics.framework in Frameworks */,
				256E042D1987A106009845A5 /* UIKit.framework in Frameworks */,
				256E04291987A106009845A5 /* Foundation.framework in Frameworks */,
			);
			runOnlyForDeploymentPostprocessing = 0;
		};
		256E04491987A106009845A5 /* Frameworks */ = {
			isa = PBXFrameworksBuildPhase;
			buildActionMask = 2147483647;
			files = (
				256E044E1987A106009845A5 /* XCTest.framework in Frameworks */,
				256E04501987A106009845A5 /* UIKit.framework in Frameworks */,
				256E044F1987A106009845A5 /* Foundation.framework in Frameworks */,
			);
			runOnlyForDeploymentPostprocessing = 0;
		};
/* End PBXFrameworksBuildPhase section */

/* Begin PBXGroup section */
		256E041C1987A106009845A5 = {
			isa = PBXGroup;
			children = (
				256E042E1987A106009845A5 /* lemang */,
				256E04531987A106009845A5 /* lemangTests */,
				256E04271987A106009845A5 /* Frameworks */,
				256E04261987A106009845A5 /* Products */,
			);
			sourceTree = "<group>";
		};
		256E04261987A106009845A5 /* Products */ = {
			isa = PBXGroup;
			children = (
				256E04251987A106009845A5 /* lemang.app */,
				256E044C1987A106009845A5 /* lemangTests.xctest */,
			);
			name = Products;
			sourceTree = "<group>";
		};
		256E04271987A106009845A5 /* Frameworks */ = {
			isa = PBXGroup;
			children = (
				256E04281987A106009845A5 /* Foundation.framework */,
				256E042A1987A106009845A5 /* CoreGraphics.framework */,
				256E042C1987A106009845A5 /* UIKit.framework */,
				256E044D1987A106009845A5 /* XCTest.framework */,
			);
			name = Frameworks;
			sourceTree = "<group>";
		};
		256E042E1987A106009845A5 /* lemang */ = {
			isa = PBXGroup;
			children = (
				25C3A0E619ADC4EC00BB48B3 /* MJRefresh */,
				2532699C199DBE510054F989 /* Constants.h */,
				25CA2DE719949CD300BED707 /* Temp_pic */,
				256E04661987AA74009845A5 /* Class */,
				256E04371987A106009845A5 /* AppDelegate.h */,
				256E04381987A106009845A5 /* AppDelegate.m */,
				256E043A1987A106009845A5 /* Main_iPhone.storyboard */,
				256E043D1987A106009845A5 /* Main_iPad.storyboard */,
				25392FE3198FA35B0094CE6B /* appicon152.png */,
				253823FE199A097E00180DB9 /* Images.xcassets */,
				256E042F1987A106009845A5 /* Supporting Files */,
			);
			path = lemang;
			sourceTree = "<group>";
		};
		256E042F1987A106009845A5 /* Supporting Files */ = {
			isa = PBXGroup;
			children = (
				256E04301987A106009845A5 /* lemang-Info.plist */,
				256E04311987A106009845A5 /* InfoPlist.strings */,
				256E04341987A106009845A5 /* main.m */,
				256E04361987A106009845A5 /* lemang-Prefix.pch */,
			);
			name = "Supporting Files";
			sourceTree = "<group>";
		};
		256E04531987A106009845A5 /* lemangTests */ = {
			isa = PBXGroup;
			children = (
				256E04591987A106009845A5 /* lemangTests.m */,
				256E04541987A106009845A5 /* Supporting Files */,
			);
			path = lemangTests;
			sourceTree = "<group>";
		};
		256E04541987A106009845A5 /* Supporting Files */ = {
			isa = PBXGroup;
			children = (
				256E04551987A106009845A5 /* lemangTests-Info.plist */,
				256E04561987A106009845A5 /* InfoPlist.strings */,
			);
			name = "Supporting Files";
			sourceTree = "<group>";
		};
		256E04661987AA74009845A5 /* Class */ = {
			isa = PBXGroup;
			children = (
				EE44A53619AF1CA7004B0E5B /* Global */,
				256E04761987B1E8009845A5 /* Home */,
				256E04751987B1DE009845A5 /* Organization */,
				256E04741987B1D6009845A5 /* User */,
				256E04731987B1CE009845A5 /* Activity */,
			);
			name = Class;
			sourceTree = "<group>";
		};
		256E04731987B1CE009845A5 /* Activity */ = {
			isa = PBXGroup;
			children = (
				EE9BCB3F19ADC2EE00710F90 /* ActivityDetail */,
				EE9BCB3C19AB45E700710F90 /* ActivityViewCell.h */,
				EE9BCB3D19AB45E700710F90 /* ActivityViewCell.m */,
				25C7F334198B75FB00AB8B2F /* Activity */,
				256E046D1987AACA009845A5 /* ActivityViewController.h */,
				256E046E1987AACA009845A5 /* ActivityViewController.m */,
				2545E01F199CC45000F99CC7 /* ActivityCommentTableViewController.h */,
				2545E020199CC45000F99CC7 /* ActivityCommentTableViewController.m */,
				257CD60819A36EF1001FF078 /* ActivityCommetImageDetailViewController.h */,
				257CD60919A36EF1001FF078 /* ActivityCommetImageDetailViewController.m */,
				2538240E199A2AF900180DB9 /* ActivityMemberTableViewController.h */,
				2538240F199A2AF900180DB9 /* ActivityMemberTableViewController.m */,
				25BAA3D019ACAFC500E87856 /* CreateActivityTableViewController.h */,
				25BAA3D119ACAFC500E87856 /* CreateActivityTableViewController.m */,
			);
			name = Activity;
			sourceTree = "<group>";
		};
		256E04741987B1D6009845A5 /* User */ = {
			isa = PBXGroup;
			children = (
				258087A519A71C37005E308D /* UserTableViewController.h */,
				258087A619A71C37005E308D /* UserTableViewController.m */,
				258087A819A71C4C005E308D /* UserInfoTableViewController.h */,
				258087A919A71C4C005E308D /* UserInfoTableViewController.m */,
				258087AB19A71C63005E308D /* MyAcitivityTableViewController.h */,
				258087AC19A71C63005E308D /* MyAcitivityTableViewController.m */,
				258087AE19A71C73005E308D /* MyOrganizationTableViewController.h */,
				258087B619A71D0E005E308D /* MyOrganizationTableViewController.m */,
				258087B419A71D0E005E308D /* MyFriendsTableViewController.h */,
				258087B519A71D0E005E308D /* MyFriendsTableViewController.m */,
				258087B919A71D59005E308D /* MyMessageTableViewController.h */,
				258087BA19A71D59005E308D /* MyMessageTableViewController.m */,
				258087BC19A71D7C005E308D /* UserLoginViewController.h */,
				258087BD19A71D7C005E308D /* UserLoginViewController.m */,
				258087BF19A71DB9005E308D /* UserRegisterViewController.h */,
				258087C019A71DB9005E308D /* UserRegisterViewController.m */,
				258087C219A71DCB005E308D /* UserVerifyViewController.h */,
				258087C319A71DCB005E308D /* UserVerifyViewController.m */,
			);
			name = User;
			sourceTree = "<group>";
		};
		256E04751987B1DE009845A5 /* Organization */ = {
			isa = PBXGroup;
			children = (
				251CEBB919A31FBC00C80BAF /* OrganizationTableViewController.h */,
				251CEBBA19A31FBC00C80BAF /* OrganizationTableViewController.m */,
				251CEBBC19A33D5B00C80BAF /* OrganizationDetailTableViewController.h */,
				251CEBBD19A33D5B00C80BAF /* OrganizationDetailTableViewController.m */,
				25874DA919A5FFE000264B4D /* CreateOrganizationTableViewController.h */,
				25874DAA19A5FFE000264B4D /* CreateOrganizationTableViewController.m */,
				EEC7756619B0702B0035B400 /* OrganizationViewCell.h */,
				EEC7756719B0702B0035B400 /* OrganizationViewCell.m */,
			);
			name = Organization;
			sourceTree = "<group>";
		};
		256E04761987B1E8009845A5 /* Home */ = {
			isa = PBXGroup;
			children = (
				256E04631987AA6B009845A5 /* HomeViewController.h */,
				256E04641987AA6B009845A5 /* HomeViewController.m */,
			);
			name = Home;
			sourceTree = "<group>";
		};
		25C3A0E619ADC4EC00BB48B3 /* MJRefresh */ = {
			isa = PBXGroup;
			children = (
				25C3A0E719ADC4EC00BB48B3 /* MJRefresh.bundle */,
				25C3A0E819ADC4EC00BB48B3 /* MJRefresh.h */,
				25C3A0E919ADC4EC00BB48B3 /* MJRefreshBaseView.h */,
				25C3A0EA19ADC4EC00BB48B3 /* MJRefreshBaseView.m */,
				25C3A0EB19ADC4EC00BB48B3 /* MJRefreshConst.h */,
				25C3A0EC19ADC4EC00BB48B3 /* MJRefreshConst.m */,
				25C3A0ED19ADC4EC00BB48B3 /* MJRefreshFooterView.h */,
				25C3A0EE19ADC4EC00BB48B3 /* MJRefreshFooterView.m */,
				25C3A0EF19ADC4EC00BB48B3 /* MJRefreshHeaderView.h */,
				25C3A0F019ADC4EC00BB48B3 /* MJRefreshHeaderView.m */,
				25C3A0F119ADC4EC00BB48B3 /* UIScrollView+Extension.h */,
				25C3A0F219ADC4EC00BB48B3 /* UIScrollView+Extension.m */,
				25C3A0F319ADC4EC00BB48B3 /* UIScrollView+MJRefresh.h */,
				25C3A0F419ADC4EC00BB48B3 /* UIScrollView+MJRefresh.m */,
				25C3A0F519ADC4EC00BB48B3 /* UIView+Extension.h */,
				25C3A0F619ADC4EC00BB48B3 /* UIView+Extension.m */,
			);
			path = MJRefresh;
			sourceTree = "<group>";
		};
		25C7F334198B75FB00AB8B2F /* Activity */ = {
			isa = PBXGroup;
			children = (
				258087C519A71EED005E308D /* UIImageButton.h */,
				258087C619A71EED005E308D /* UIImageButton.m */,
				258087C719A71EED005E308D /* UITableGridViewCell.h */,
				258087C819A71EED005E308D /* UITableGridViewCell.m */,
				25C7F335198B7A3500AB8B2F /* Activity.h */,
				25C7F336198B7A3500AB8B2F /* Activity.m */,
				2545E01C199CB67000F99CC7 /* ActivityComment.h */,
				2545E01D199CB67000F99CC7 /* ActivityComment.m */,
			);
			name = Activity;
			sourceTree = "<group>";
		};
		25CA2DE719949CD300BED707 /* Temp_pic */ = {
			isa = PBXGroup;
			children = (
				253AB34B19A206DF008A93A3 /* doge2.jpg */,
				253AB34C19A206DF008A93A3 /* doge3.jpg */,
				253AB34D19A206DF008A93A3 /* doge4.jpg */,
				2516A7D5199B5CC000768986 /* head.jpg */,
				25382403199A1EE300180DB9 /* group1.png */,
				25CA2DFF1994BCCF00BED707 /* 11.jpg */,
				25382411199A2CBA00180DB9 /* doge.jpg */,
				25CA2DE819949CF700BED707 /* 活动成员.png */,
				25CA2DE919949CF700BED707 /* 活动详细.png */,
				25CA2DEA19949CF700BED707 /* 活动详细分享.png */,
				25CA2DEB19949CF700BED707 /* 活动页面.png */,
				25CA2DEC19949CF700BED707 /* 评论输入文字页面.png */,
				25CA2DED19949CF700BED707 /* 评论输入页面.png */,
				25CA2DEE19949CF700BED707 /* 评论页面.png */,
				25CA2DEF19949CF700BED707 /* 商家组织.png */,
				25CA2DF019949CF700BED707 /* 社团成员.png */,
				25CA2DF119949CF700BED707 /* 社团组织.png */,
				25CA2DF219949CF700BED707 /* 组织页面.png */,
			);
			name = Temp_pic;
			sourceTree = "<group>";
		};
		EE44A53619AF1CA7004B0E5B /* Global */ = {
			isa = PBXGroup;
			children = (
				EE54DB1719B563EF0000845F /* UserManager.h */,
				EE54DB1819B563EF0000845F /* UserManager.mm */,
				EE44A53719AF1D1B004B0E5B /* IconImageViewLoader.h */,
				EE44A53819AF1D1B004B0E5B /* IconImageViewLoader.m */,
				EE54DB1A19B56A270000845F /* StringEncoder.h */,
				EE54DB1B19B56A270000845F /* StringEncoder.m */,
			);
			name = Global;
			sourceTree = "<group>";
		};
		EE9BCB3F19ADC2EE00710F90 /* ActivityDetail */ = {
			isa = PBXGroup;
			children = (
				256E04771987B2BA009845A5 /* ActivityDetailViewController.h */,
				256E04781987B2BA009845A5 /* ActivityDetailViewController.m */,
				2537509519989B9A006974C9 /* ActivityDetailTableViewController.h */,
				2537509619989B9A006974C9 /* ActivityDetailTableViewController.m */,
			);
			name = ActivityDetail;
			sourceTree = "<group>";
		};
/* End PBXGroup section */

/* Begin PBXNativeTarget section */
		256E04241987A106009845A5 /* lemang */ = {
			isa = PBXNativeTarget;
			buildConfigurationList = 256E045D1987A107009845A5 /* Build configuration list for PBXNativeTarget "lemang" */;
			buildPhases = (
				256E04211987A106009845A5 /* Sources */,
				256E04221987A106009845A5 /* Frameworks */,
				256E04231987A106009845A5 /* Resources */,
			);
			buildRules = (
			);
			dependencies = (
			);
			name = lemang;
			productName = lemang;
			productReference = 256E04251987A106009845A5 /* lemang.app */;
			productType = "com.apple.product-type.application";
		};
		256E044B1987A106009845A5 /* lemangTests */ = {
			isa = PBXNativeTarget;
			buildConfigurationList = 256E04601987A107009845A5 /* Build configuration list for PBXNativeTarget "lemangTests" */;
			buildPhases = (
				256E04481987A106009845A5 /* Sources */,
				256E04491987A106009845A5 /* Frameworks */,
				256E044A1987A106009845A5 /* Resources */,
			);
			buildRules = (
			);
			dependencies = (
				256E04521987A106009845A5 /* PBXTargetDependency */,
			);
			name = lemangTests;
			productName = lemangTests;
			productReference = 256E044C1987A106009845A5 /* lemangTests.xctest */;
			productType = "com.apple.product-type.bundle.unit-test";
		};
/* End PBXNativeTarget section */

/* Begin PBXProject section */
		256E041D1987A106009845A5 /* Project object */ = {
			isa = PBXProject;
			attributes = {
				LastUpgradeCheck = 0510;
				ORGANIZATIONNAME = "university media";
				TargetAttributes = {
					256E044B1987A106009845A5 = {
						TestTargetID = 256E04241987A106009845A5;
					};
				};
			};
			buildConfigurationList = 256E04201987A106009845A5 /* Build configuration list for PBXProject "LeMang" */;
			compatibilityVersion = "Xcode 3.2";
			developmentRegion = English;
			hasScannedForEncodings = 0;
			knownRegions = (
				en,
				Base,
				"zh-Hans",
			);
			mainGroup = 256E041C1987A106009845A5;
			productRefGroup = 256E04261987A106009845A5 /* Products */;
			projectDirPath = "";
			projectRoot = "";
			targets = (
				256E04241987A106009845A5 /* lemang */,
				256E044B1987A106009845A5 /* lemangTests */,
			);
		};
/* End PBXProject section */

/* Begin PBXResourcesBuildPhase section */
		256E04231987A106009845A5 /* Resources */ = {
			isa = PBXResourcesBuildPhase;
			buildActionMask = 2147483647;
			files = (
				25CA2DF919949CF700BED707 /* 评论页面.png in Resources */,
				256E043F1987A106009845A5 /* Main_iPad.storyboard in Resources */,
				256E043C1987A106009845A5 /* Main_iPhone.storyboard in Resources */,
				256E04331987A106009845A5 /* InfoPlist.strings in Resources */,
				253AB34F19A206DF008A93A3 /* doge3.jpg in Resources */,
				25CA2DF619949CF700BED707 /* 活动页面.png in Resources */,
				25CA2DFA19949CF700BED707 /* 商家组织.png in Resources */,
				25CA2DF319949CF700BED707 /* 活动成员.png in Resources */,
				253AB34E19A206DF008A93A3 /* doge2.jpg in Resources */,
				25CA2DF719949CF700BED707 /* 评论输入文字页面.png in Resources */,
				25CA2DFC19949CF700BED707 /* 社团组织.png in Resources */,
				25CA2DFB19949CF700BED707 /* 社团成员.png in Resources */,
				25CA2DF819949CF700BED707 /* 评论输入页面.png in Resources */,
				25382404199A1EE300180DB9 /* group1.png in Resources */,
				25C3A0F719ADC4EC00BB48B3 /* MJRefresh.bundle in Resources */,
				253823FF199A097E00180DB9 /* Images.xcassets in Resources */,
				25CA2DF519949CF700BED707 /* 活动详细分享.png in Resources */,
				25CA2DFD19949CF700BED707 /* 组织页面.png in Resources */,
				253AB35019A206DF008A93A3 /* doge4.jpg in Resources */,
				25392FE4198FA35B0094CE6B /* appicon152.png in Resources */,
				2516A7D6199B5CC000768986 /* head.jpg in Resources */,
				25CA2DF419949CF700BED707 /* 活动详细.png in Resources */,
				25CA2E001994BCCF00BED707 /* 11.jpg in Resources */,
				25382412199A2CBA00180DB9 /* doge.jpg in Resources */,
			);
			runOnlyForDeploymentPostprocessing = 0;
		};
		256E044A1987A106009845A5 /* Resources */ = {
			isa = PBXResourcesBuildPhase;
			buildActionMask = 2147483647;
			files = (
				256E04581987A106009845A5 /* InfoPlist.strings in Resources */,
			);
			runOnlyForDeploymentPostprocessing = 0;
		};
/* End PBXResourcesBuildPhase section */

/* Begin PBXSourcesBuildPhase section */
		256E04211987A106009845A5 /* Sources */ = {
			isa = PBXSourcesBuildPhase;
			buildActionMask = 2147483647;
			files = (
				258087B819A71D0E005E308D /* MyOrganizationTableViewController.m in Sources */,
				258087A719A71C37005E308D /* UserTableViewController.m in Sources */,
				258087C119A71DB9005E308D /* UserRegisterViewController.m in Sources */,
				25C3A0FC19ADC4EC00BB48B3 /* UIScrollView+Extension.m in Sources */,
				2545E021199CC45000F99CC7 /* ActivityCommentTableViewController.m in Sources */,
				258087BE19A71D7C005E308D /* UserLoginViewController.m in Sources */,
				25C3A0FB19ADC4EC00BB48B3 /* MJRefreshHeaderView.m in Sources */,
				EE44A53919AF1D1B004B0E5B /* IconImageViewLoader.m in Sources */,
				256E04391987A106009845A5 /* AppDelegate.m in Sources */,
				258087C419A71DCB005E308D /* UserVerifyViewController.m in Sources */,
				EE54DB1919B563EF0000845F /* UserManager.mm in Sources */,
				256E04351987A106009845A5 /* main.m in Sources */,
				258087AD19A71C63005E308D /* MyAcitivityTableViewController.m in Sources */,
				256E04651987AA6B009845A5 /* HomeViewController.m in Sources */,
				25C3A0F819ADC4EC00BB48B3 /* MJRefreshBaseView.m in Sources */,
				25BAA3D219ACAFC500E87856 /* CreateActivityTableViewController.m in Sources */,
				25C3A0FA19ADC4EC00BB48B3 /* MJRefreshFooterView.m in Sources */,
				258087AA19A71C4C005E308D /* UserInfoTableViewController.m in Sources */,
				258087BB19A71D59005E308D /* MyMessageTableViewController.m in Sources */,
				258087CA19A71EED005E308D /* UITableGridViewCell.m in Sources */,
				251CEBBB19A31FBC00C80BAF /* OrganizationTableViewController.m in Sources */,
				25C7F337198B7A3500AB8B2F /* Activity.m in Sources */,
				EEC7756819B0702B0035B400 /* OrganizationViewCell.m in Sources */,
				2537509719989B9A006974C9 /* ActivityDetailTableViewController.m in Sources */,
				258087C919A71EED005E308D /* UIImageButton.m in Sources */,
				25C3A0FE19ADC4EC00BB48B3 /* UIView+Extension.m in Sources */,
				258087B719A71D0E005E308D /* MyFriendsTableViewController.m in Sources */,
				25C3A0FD19ADC4EC00BB48B3 /* UIScrollView+MJRefresh.m in Sources */,
				25C3A0F919ADC4EC00BB48B3 /* MJRefreshConst.m in Sources */,
				2545E01E199CB67000F99CC7 /* ActivityComment.m in Sources */,
				25382410199A2AF900180DB9 /* ActivityMemberTableViewController.m in Sources */,
				257CD60A19A36EF1001FF078 /* ActivityCommetImageDetailViewController.m in Sources */,
				256E046F1987AACA009845A5 /* ActivityViewController.m in Sources */,
				25874DAB19A5FFE000264B4D /* CreateOrganizationTableViewController.m in Sources */,
				251CEBBE19A33D5B00C80BAF /* OrganizationDetailTableViewController.m in Sources */,
				256E04791987B2BA009845A5 /* ActivityDetailViewController.m in Sources */,
				EE9BCB3E19AB45E700710F90 /* ActivityViewCell.m in Sources */,
				EE54DB1C19B56A270000845F /* StringEncoder.m in Sources */,
			);
			runOnlyForDeploymentPostprocessing = 0;
		};
		256E04481987A106009845A5 /* Sources */ = {
			isa = PBXSourcesBuildPhase;
			buildActionMask = 2147483647;
			files = (
				256E045A1987A106009845A5 /* lemangTests.m in Sources */,
			);
			runOnlyForDeploymentPostprocessing = 0;
		};
/* End PBXSourcesBuildPhase section */

/* Begin PBXTargetDependency section */
		256E04521987A106009845A5 /* PBXTargetDependency */ = {
			isa = PBXTargetDependency;
			target = 256E04241987A106009845A5 /* lemang */;
			targetProxy = 256E04511987A106009845A5 /* PBXContainerItemProxy */;
		};
/* End PBXTargetDependency section */

/* Begin PBXVariantGroup section */
		256E04311987A106009845A5 /* InfoPlist.strings */ = {
			isa = PBXVariantGroup;
			children = (
				256E04321987A106009845A5 /* en */,
				25392FE7198FAE160094CE6B /* zh-Hans */,
			);
			name = InfoPlist.strings;
			sourceTree = "<group>";
		};
		256E043A1987A106009845A5 /* Main_iPhone.storyboard */ = {
			isa = PBXVariantGroup;
			children = (
				256E043B1987A106009845A5 /* Base */,
				25392FE5198FAE160094CE6B /* zh-Hans */,
			);
			name = Main_iPhone.storyboard;
			sourceTree = "<group>";
		};
		256E043D1987A106009845A5 /* Main_iPad.storyboard */ = {
			isa = PBXVariantGroup;
			children = (
				256E043E1987A106009845A5 /* Base */,
				25392FE6198FAE160094CE6B /* zh-Hans */,
			);
			name = Main_iPad.storyboard;
			sourceTree = "<group>";
		};
		256E04561987A106009845A5 /* InfoPlist.strings */ = {
			isa = PBXVariantGroup;
			children = (
				256E04571987A106009845A5 /* en */,
				25392FE8198FAE160094CE6B /* zh-Hans */,
			);
			name = InfoPlist.strings;
			sourceTree = "<group>";
		};
/* End PBXVariantGroup section */

/* Begin XCBuildConfiguration section */
		256E045B1987A107009845A5 /* Debug */ = {
			isa = XCBuildConfiguration;
			buildSettings = {
				ALWAYS_SEARCH_USER_PATHS = NO;
				CLANG_CXX_LANGUAGE_STANDARD = "gnu++0x";
				CLANG_CXX_LIBRARY = "libc++";
				CLANG_ENABLE_MODULES = YES;
				CLANG_ENABLE_OBJC_ARC = YES;
				CLANG_WARN_BOOL_CONVERSION = YES;
				CLANG_WARN_CONSTANT_CONVERSION = YES;
				CLANG_WARN_DIRECT_OBJC_ISA_USAGE = YES_ERROR;
				CLANG_WARN_EMPTY_BODY = YES;
				CLANG_WARN_ENUM_CONVERSION = YES;
				CLANG_WARN_INT_CONVERSION = YES;
				CLANG_WARN_OBJC_ROOT_CLASS = YES_ERROR;
				CLANG_WARN__DUPLICATE_METHOD_MATCH = YES;
				"CODE_SIGN_IDENTITY[sdk=iphoneos*]" = "iPhone Developer";
				COPY_PHASE_STRIP = NO;
				GCC_C_LANGUAGE_STANDARD = gnu99;
				GCC_DYNAMIC_NO_PIC = NO;
				GCC_OPTIMIZATION_LEVEL = 0;
				GCC_PREPROCESSOR_DEFINITIONS = (
					"DEBUG=1",
					"$(inherited)",
				);
				GCC_SYMBOLS_PRIVATE_EXTERN = NO;
				GCC_WARN_64_TO_32_BIT_CONVERSION = YES;
				GCC_WARN_ABOUT_RETURN_TYPE = YES_ERROR;
				GCC_WARN_UNDECLARED_SELECTOR = YES;
				GCC_WARN_UNINITIALIZED_AUTOS = YES_AGGRESSIVE;
				GCC_WARN_UNUSED_FUNCTION = YES;
				GCC_WARN_UNUSED_VARIABLE = YES;
				IPHONEOS_DEPLOYMENT_TARGET = 7.1;
				ONLY_ACTIVE_ARCH = YES;
				SDKROOT = iphoneos;
				TARGETED_DEVICE_FAMILY = "1,2";
			};
			name = Debug;
		};
		256E045C1987A107009845A5 /* Release */ = {
			isa = XCBuildConfiguration;
			buildSettings = {
				ALWAYS_SEARCH_USER_PATHS = NO;
				CLANG_CXX_LANGUAGE_STANDARD = "gnu++0x";
				CLANG_CXX_LIBRARY = "libc++";
				CLANG_ENABLE_MODULES = YES;
				CLANG_ENABLE_OBJC_ARC = YES;
				CLANG_WARN_BOOL_CONVERSION = YES;
				CLANG_WARN_CONSTANT_CONVERSION = YES;
				CLANG_WARN_DIRECT_OBJC_ISA_USAGE = YES_ERROR;
				CLANG_WARN_EMPTY_BODY = YES;
				CLANG_WARN_ENUM_CONVERSION = YES;
				CLANG_WARN_INT_CONVERSION = YES;
				CLANG_WARN_OBJC_ROOT_CLASS = YES_ERROR;
				CLANG_WARN__DUPLICATE_METHOD_MATCH = YES;
				"CODE_SIGN_IDENTITY[sdk=iphoneos*]" = "iPhone Developer";
				COPY_PHASE_STRIP = YES;
				ENABLE_NS_ASSERTIONS = NO;
				GCC_C_LANGUAGE_STANDARD = gnu99;
				GCC_WARN_64_TO_32_BIT_CONVERSION = YES;
				GCC_WARN_ABOUT_RETURN_TYPE = YES_ERROR;
				GCC_WARN_UNDECLARED_SELECTOR = YES;
				GCC_WARN_UNINITIALIZED_AUTOS = YES_AGGRESSIVE;
				GCC_WARN_UNUSED_FUNCTION = YES;
				GCC_WARN_UNUSED_VARIABLE = YES;
				IPHONEOS_DEPLOYMENT_TARGET = 7.1;
				SDKROOT = iphoneos;
				TARGETED_DEVICE_FAMILY = "1,2";
				VALIDATE_PRODUCT = YES;
			};
			name = Release;
		};
		256E045E1987A107009845A5 /* Debug */ = {
			isa = XCBuildConfiguration;
			buildSettings = {
				ARCHS = (
					armv7,
					armv7s,
				);
				ASSETCATALOG_COMPILER_APPICON_NAME = AppIcon;
				ASSETCATALOG_COMPILER_LAUNCHIMAGE_NAME = LaunchImage;
				GCC_PRECOMPILE_PREFIX_HEADER = YES;
				GCC_PREFIX_HEADER = "lemang/lemang-Prefix.pch";
				INFOPLIST_FILE = "lemang/lemang-Info.plist";
				IPHONEOS_DEPLOYMENT_TARGET = 5.1;
				PRODUCT_NAME = "$(TARGET_NAME)";
				WRAPPER_EXTENSION = app;
			};
			name = Debug;
		};
		256E045F1987A107009845A5 /* Release */ = {
			isa = XCBuildConfiguration;
			buildSettings = {
				ARCHS = (
					armv7,
					armv7s,
				);
				ASSETCATALOG_COMPILER_APPICON_NAME = AppIcon;
				ASSETCATALOG_COMPILER_LAUNCHIMAGE_NAME = LaunchImage;
				GCC_PRECOMPILE_PREFIX_HEADER = YES;
				GCC_PREFIX_HEADER = "lemang/lemang-Prefix.pch";
				INFOPLIST_FILE = "lemang/lemang-Info.plist";
				IPHONEOS_DEPLOYMENT_TARGET = 5.1;
				PRODUCT_NAME = "$(TARGET_NAME)";
				WRAPPER_EXTENSION = app;
			};
			name = Release;
		};
		256E04611987A107009845A5 /* Debug */ = {
			isa = XCBuildConfiguration;
			buildSettings = {
				BUNDLE_LOADER = "$(BUILT_PRODUCTS_DIR)/lemang.app/lemang";
				FRAMEWORK_SEARCH_PATHS = (
					"$(SDKROOT)/Developer/Library/Frameworks",
					"$(inherited)",
					"$(DEVELOPER_FRAMEWORKS_DIR)",
				);
				GCC_PRECOMPILE_PREFIX_HEADER = YES;
				GCC_PREFIX_HEADER = "lemang/lemang-Prefix.pch";
				GCC_PREPROCESSOR_DEFINITIONS = (
					"DEBUG=1",
					"$(inherited)",
				);
				INFOPLIST_FILE = "lemangTests/lemangTests-Info.plist";
				PRODUCT_NAME = "$(TARGET_NAME)";
				TEST_HOST = "$(BUNDLE_LOADER)";
				WRAPPER_EXTENSION = xctest;
			};
			name = Debug;
		};
		256E04621987A107009845A5 /* Release */ = {
			isa = XCBuildConfiguration;
			buildSettings = {
				BUNDLE_LOADER = "$(BUILT_PRODUCTS_DIR)/lemang.app/lemang";
				FRAMEWORK_SEARCH_PATHS = (
					"$(SDKROOT)/Developer/Library/Frameworks",
					"$(inherited)",
					"$(DEVELOPER_FRAMEWORKS_DIR)",
				);
				GCC_PRECOMPILE_PREFIX_HEADER = YES;
				GCC_PREFIX_HEADER = "lemang/lemang-Prefix.pch";
				INFOPLIST_FILE = "lemangTests/lemangTests-Info.plist";
				PRODUCT_NAME = "$(TARGET_NAME)";
				TEST_HOST = "$(BUNDLE_LOADER)";
				WRAPPER_EXTENSION = xctest;
			};
			name = Release;
		};
/* End XCBuildConfiguration section */

/* Begin XCConfigurationList section */
		256E04201987A106009845A5 /* Build configuration list for PBXProject "LeMang" */ = {
			isa = XCConfigurationList;
			buildConfigurations = (
				256E045B1987A107009845A5 /* Debug */,
				256E045C1987A107009845A5 /* Release */,
			);
			defaultConfigurationIsVisible = 0;
			defaultConfigurationName = Release;
		};
		256E045D1987A107009845A5 /* Build configuration list for PBXNativeTarget "lemang" */ = {
			isa = XCConfigurationList;
			buildConfigurations = (
				256E045E1987A107009845A5 /* Debug */,
				256E045F1987A107009845A5 /* Release */,
			);
			defaultConfigurationIsVisible = 0;
			defaultConfigurationName = Release;
		};
		256E04601987A107009845A5 /* Build configuration list for PBXNativeTarget "lemangTests" */ = {
			isa = XCConfigurationList;
			buildConfigurations = (
				256E04611987A107009845A5 /* Debug */,
				256E04621987A107009845A5 /* Release */,
			);
			defaultConfigurationIsVisible = 0;
			defaultConfigurationName = Release;
		};
/* End XCConfigurationList section */
	};
	rootObject = 256E041D1987A106009845A5 /* Project object */;
}
